
Microsoft Visual Studio Solution File, Format Version 12.00
# Visual Studio Version 16
VisualStudioVersion = 16.0.31410.357
MinimumVisualStudioVersion = 10.0.40219.1
Project("{FAE04EC0-301F-11D3-BF4B-00C04F79EFBC}") = "MarketStokKontrol_WinDesktopApp", "MarketStokKontrol_WinDesktopApp\MarketStokKontrol_WinDesktopApp.csproj", "{C4C00557-AB48-40F9-AB6D-4752CF354FBD}"
EndProject
Global
	GlobalSection(SolutionConfigurationPlatforms) = preSolution
		Debug|Any CPU = Debug|Any CPU
		Release|Any CPU = Release|Any CPU
	EndGlobalSection
	GlobalSection(ProjectConfigurationPlatforms) = postSolution
		{C4C00557-AB48-40F9-AB6D-4752CF354FBD}.Debug|Any CPU.ActiveCfg = Debug|Any CPU
		{C4C00557-AB48-40F9-AB6D-4752CF354FBD}.Debug|Any CPU.Build.0 = Debug|Any CPU
		{C4C00557-AB48-40F9-AB6D-4752CF354FBD}.Release|Any CPU.ActiveCfg = Release|Any CPU
		{C4C00557-AB48-40F9-AB6D-4752CF354FBD}.Release|Any CPU.Build.0 = Release|Any CPU
	EndGlobalSection
	GlobalSection(SolutionProperties) = preSolution
		HideSolutionNode = FALSE
	EndGlobalSection
	GlobalSection(ExtensibilityGlobals) = postSolution
		SolutionGuid = {46DAFAF8-186D-432F-98B6-9B1FB50F76C2}
	EndGlobalSection
EndGlobal
